
Microsoft Visual Studio Solution File, Format Version 12.00
# Visual Studio Version 17
VisualStudioVersion = 17.14.36127.28 d17.14
MinimumVisualStudioVersion = 10.0.40219.1
Project("{FAE04EC0-301F-11D3-BF4B-00C04F79EFBC}") = "Qinshift.DemoApp", "Qinshift.DemoApp\Qinshift.DemoApp.csproj", "{30969717-D861-404B-ADAF-1396EDBBC204}"
EndProject
Global
	GlobalSection(SolutionConfigurationPlatforms) = preSolution
		Debug|Any CPU = Debug|Any CPU
		Release|Any CPU = Release|Any CPU
	EndGlobalSection
	GlobalSection(ProjectConfigurationPlatforms) = postSolution
		{30969717-D861-404B-ADAF-1396EDBBC204}.Debug|Any CPU.ActiveCfg = Debug|Any CPU
		{30969717-D861-404B-ADAF-1396EDBBC204}.Debug|Any CPU.Build.0 = Debug|Any CPU
		{30969717-D861-404B-ADAF-1396EDBBC204}.Release|Any CPU.ActiveCfg = Release|Any CPU
		{30969717-D861-404B-ADAF-1396EDBBC204}.Release|Any CPU.Build.0 = Release|Any CPU
	EndGlobalSection
	GlobalSection(SolutionProperties) = preSolution
		HideSolutionNode = FALSE
	EndGlobalSection
	GlobalSection(ExtensibilityGlobals) = postSolution
		SolutionGuid = {6471E34B-486F-4D48-95DA-D712B746D217}
	EndGlobalSection
EndGlobal
