
Microsoft Visual Studio Solution File, Format Version 12.00
# Visual Studio Version 17
VisualStudioVersion = 17.14.36127.28 d17.14
MinimumVisualStudioVersion = 10.0.40219.1
Project("{FAE04EC0-301F-11D3-BF4B-00C04F79EFBC}") = "Qinshift.Class03", "Qinshift.Class03\Qinshift.Class03.csproj", "{8409A674-E744-4C5A-87F1-9D4C5896E2AD}"
EndProject
Global
	GlobalSection(SolutionConfigurationPlatforms) = preSolution
		Debug|Any CPU = Debug|Any CPU
		Release|Any CPU = Release|Any CPU
	EndGlobalSection
	GlobalSection(ProjectConfigurationPlatforms) = postSolution
		{8409A674-E744-4C5A-87F1-9D4C5896E2AD}.Debug|Any CPU.ActiveCfg = Debug|Any CPU
		{8409A674-E744-4C5A-87F1-9D4C5896E2AD}.Debug|Any CPU.Build.0 = Debug|Any CPU
		{8409A674-E744-4C5A-87F1-9D4C5896E2AD}.Release|Any CPU.ActiveCfg = Release|Any CPU
		{8409A674-E744-4C5A-87F1-9D4C5896E2AD}.Release|Any CPU.Build.0 = Release|Any CPU
	EndGlobalSection
	GlobalSection(SolutionProperties) = preSolution
		HideSolutionNode = FALSE
	EndGlobalSection
	GlobalSection(ExtensibilityGlobals) = postSolution
		SolutionGuid = {401ACF59-E0B3-4962-B6AC-7E2FE273B470}
	EndGlobalSection
EndGlobal
